
Microsoft Visual Studio Solution File, Format Version 12.00
# Visual Studio Version 17
VisualStudioVersion = 17.5.33530.505
MinimumVisualStudioVersion = 10.0.40219.1
Project("{FAE04EC0-301F-11D3-BF4B-00C04F79EFBC}") = "Sortedlistexe", "Sortedlistexe\Sortedlistexe.csproj", "{72015254-A46A-4534-B9F8-2E526F5E92CB}"
EndProject
Global
	GlobalSection(SolutionConfigurationPlatforms) = preSolution
		Debug|Any CPU = Debug|Any CPU
		Release|Any CPU = Release|Any CPU
	EndGlobalSection
	GlobalSection(ProjectConfigurationPlatforms) = postSolution
		{72015254-A46A-4534-B9F8-2E526F5E92CB}.Debug|Any CPU.ActiveCfg = Debug|Any CPU
		{72015254-A46A-4534-B9F8-2E526F5E92CB}.Debug|Any CPU.Build.0 = Debug|Any CPU
		{72015254-A46A-4534-B9F8-2E526F5E92CB}.Release|Any CPU.ActiveCfg = Release|Any CPU
		{72015254-A46A-4534-B9F8-2E526F5E92CB}.Release|Any CPU.Build.0 = Release|Any CPU
	EndGlobalSection
	GlobalSection(SolutionProperties) = preSolution
		HideSolutionNode = FALSE
	EndGlobalSection
	GlobalSection(ExtensibilityGlobals) = postSolution
		SolutionGuid = {0CAA73C5-FB06-4185-ABC6-D4C66B942EA7}
	EndGlobalSection
EndGlobal
