
Microsoft Visual Studio Solution File, Format Version 12.00
# Visual Studio Version 17
VisualStudioVersion = 17.5.33530.505
MinimumVisualStudioVersion = 10.0.40219.1
Project("{FAE04EC0-301F-11D3-BF4B-00C04F79EFBC}") = "Genericexcercise", "Genericexcercise\Genericexcercise.csproj", "{92FA834D-097D-485E-8C06-B94FE130B13D}"
EndProject
Global
	GlobalSection(SolutionConfigurationPlatforms) = preSolution
		Debug|Any CPU = Debug|Any CPU
		Release|Any CPU = Release|Any CPU
	EndGlobalSection
	GlobalSection(ProjectConfigurationPlatforms) = postSolution
		{92FA834D-097D-485E-8C06-B94FE130B13D}.Debug|Any CPU.ActiveCfg = Debug|Any CPU
		{92FA834D-097D-485E-8C06-B94FE130B13D}.Debug|Any CPU.Build.0 = Debug|Any CPU
		{92FA834D-097D-485E-8C06-B94FE130B13D}.Release|Any CPU.ActiveCfg = Release|Any CPU
		{92FA834D-097D-485E-8C06-B94FE130B13D}.Release|Any CPU.Build.0 = Release|Any CPU
	EndGlobalSection
	GlobalSection(SolutionProperties) = preSolution
		HideSolutionNode = FALSE
	EndGlobalSection
	GlobalSection(ExtensibilityGlobals) = postSolution
		SolutionGuid = {CF932C32-2D3A-4635-9CDF-4F4527A02717}
	EndGlobalSection
EndGlobal
