
Microsoft Visual Studio Solution File, Format Version 12.00
# Visual Studio Version 17
VisualStudioVersion = 17.5.33530.505
MinimumVisualStudioVersion = 10.0.40219.1
Project("{FAE04EC0-301F-11D3-BF4B-00C04F79EFBC}") = "Customermanagement", "Customermanagement\Customermanagement.csproj", "{77504F11-7300-4ED0-9336-2D55D1671EA5}"
EndProject
Global
	GlobalSection(SolutionConfigurationPlatforms) = preSolution
		Debug|Any CPU = Debug|Any CPU
		Release|Any CPU = Release|Any CPU
	EndGlobalSection
	GlobalSection(ProjectConfigurationPlatforms) = postSolution
		{77504F11-7300-4ED0-9336-2D55D1671EA5}.Debug|Any CPU.ActiveCfg = Debug|Any CPU
		{77504F11-7300-4ED0-9336-2D55D1671EA5}.Debug|Any CPU.Build.0 = Debug|Any CPU
		{77504F11-7300-4ED0-9336-2D55D1671EA5}.Release|Any CPU.ActiveCfg = Release|Any CPU
		{77504F11-7300-4ED0-9336-2D55D1671EA5}.Release|Any CPU.Build.0 = Release|Any CPU
	EndGlobalSection
	GlobalSection(SolutionProperties) = preSolution
		HideSolutionNode = FALSE
	EndGlobalSection
	GlobalSection(ExtensibilityGlobals) = postSolution
		SolutionGuid = {726A6EB9-8B63-4BE1-A8A1-83019BE0D9B3}
	EndGlobalSection
EndGlobal
