
Microsoft Visual Studio Solution File, Format Version 12.00
# Visual Studio Version 17
VisualStudioVersion = 17.5.33530.505
MinimumVisualStudioVersion = 10.0.40219.1
Project("{FAE04EC0-301F-11D3-BF4B-00C04F79EFBC}") = "PassorFail", "PassorFail\PassorFail.csproj", "{FFCE7EA1-14DE-4CDD-BB8C-BB5A622EB284}"
EndProject
Global
	GlobalSection(SolutionConfigurationPlatforms) = preSolution
		Debug|Any CPU = Debug|Any CPU
		Release|Any CPU = Release|Any CPU
	EndGlobalSection
	GlobalSection(ProjectConfigurationPlatforms) = postSolution
		{FFCE7EA1-14DE-4CDD-BB8C-BB5A622EB284}.Debug|Any CPU.ActiveCfg = Debug|Any CPU
		{FFCE7EA1-14DE-4CDD-BB8C-BB5A622EB284}.Debug|Any CPU.Build.0 = Debug|Any CPU
		{FFCE7EA1-14DE-4CDD-BB8C-BB5A622EB284}.Release|Any CPU.ActiveCfg = Release|Any CPU
		{FFCE7EA1-14DE-4CDD-BB8C-BB5A622EB284}.Release|Any CPU.Build.0 = Release|Any CPU
	EndGlobalSection
	GlobalSection(SolutionProperties) = preSolution
		HideSolutionNode = FALSE
	EndGlobalSection
	GlobalSection(ExtensibilityGlobals) = postSolution
		SolutionGuid = {0AA88D90-A32D-4C6A-9CF9-200ECC7FF3B0}
	EndGlobalSection
EndGlobal
