
Microsoft Visual Studio Solution File, Format Version 12.00
# Visual Studio Version 17
VisualStudioVersion = 17.5.33530.505
MinimumVisualStudioVersion = 10.0.40219.1
Project("{FAE04EC0-301F-11D3-BF4B-00C04F79EFBC}") = "Generics", "Generics\Generics.csproj", "{2CD92024-B5C1-4FD0-83CF-4C82C6BE6173}"
EndProject
Global
	GlobalSection(SolutionConfigurationPlatforms) = preSolution
		Debug|Any CPU = Debug|Any CPU
		Release|Any CPU = Release|Any CPU
	EndGlobalSection
	GlobalSection(ProjectConfigurationPlatforms) = postSolution
		{2CD92024-B5C1-4FD0-83CF-4C82C6BE6173}.Debug|Any CPU.ActiveCfg = Debug|Any CPU
		{2CD92024-B5C1-4FD0-83CF-4C82C6BE6173}.Debug|Any CPU.Build.0 = Debug|Any CPU
		{2CD92024-B5C1-4FD0-83CF-4C82C6BE6173}.Release|Any CPU.ActiveCfg = Release|Any CPU
		{2CD92024-B5C1-4FD0-83CF-4C82C6BE6173}.Release|Any CPU.Build.0 = Release|Any CPU
	EndGlobalSection
	GlobalSection(SolutionProperties) = preSolution
		HideSolutionNode = FALSE
	EndGlobalSection
	GlobalSection(ExtensibilityGlobals) = postSolution
		SolutionGuid = {97E20FB5-A9FC-4B4C-AE58-AC0D41478BF5}
	EndGlobalSection
EndGlobal
