
Microsoft Visual Studio Solution File, Format Version 12.00
# Visual Studio Version 17
VisualStudioVersion = 17.5.33530.505
MinimumVisualStudioVersion = 10.0.40219.1
Project("{FAE04EC0-301F-11D3-BF4B-00C04F79EFBC}") = "Variable_types", "Variable_types\Variable_types.csproj", "{14CA93C8-8EB6-4007-9FB5-B5E1544CD3FD}"
EndProject
Global
	GlobalSection(SolutionConfigurationPlatforms) = preSolution
		Debug|Any CPU = Debug|Any CPU
		Release|Any CPU = Release|Any CPU
	EndGlobalSection
	GlobalSection(ProjectConfigurationPlatforms) = postSolution
		{14CA93C8-8EB6-4007-9FB5-B5E1544CD3FD}.Debug|Any CPU.ActiveCfg = Debug|Any CPU
		{14CA93C8-8EB6-4007-9FB5-B5E1544CD3FD}.Debug|Any CPU.Build.0 = Debug|Any CPU
		{14CA93C8-8EB6-4007-9FB5-B5E1544CD3FD}.Release|Any CPU.ActiveCfg = Release|Any CPU
		{14CA93C8-8EB6-4007-9FB5-B5E1544CD3FD}.Release|Any CPU.Build.0 = Release|Any CPU
	EndGlobalSection
	GlobalSection(SolutionProperties) = preSolution
		HideSolutionNode = FALSE
	EndGlobalSection
	GlobalSection(ExtensibilityGlobals) = postSolution
		SolutionGuid = {2B4BAC30-D754-443B-994A-59E183682B2E}
	EndGlobalSection
EndGlobal
